
Microsoft Visual Studio Solution File, Format Version 12.00
# Visual Studio Version 16
VisualStudioVersion = 16.0.31829.152
MinimumVisualStudioVersion = 10.0.40219.1
Project("{8BC9CEB8-8B4A-11D0-8D11-00A0C91BC942}") = "scl", "scl\scl.vcxproj", "{3663C216-FA88-4136-B636-06A59A2860AC}"
EndProject
Global
	GlobalSection(SolutionConfigurationPlatforms) = preSolution
		Debug|x64 = Debug|x64
		Debug|x86 = Debug|x86
		Release|x64 = Release|x64
		Release|x86 = Release|x86
	EndGlobalSection
	GlobalSection(ProjectConfigurationPlatforms) = postSolution
		{3663C216-FA88-4136-B636-06A59A2860AC}.Debug|x64.ActiveCfg = Debug|x64
		{3663C216-FA88-4136-B636-06A59A2860AC}.Debug|x64.Build.0 = Debug|x64
		{3663C216-FA88-4136-B636-06A59A2860AC}.Debug|x86.ActiveCfg = Debug|Win32
		{3663C216-FA88-4136-B636-06A59A2860AC}.Debug|x86.Build.0 = Debug|Win32
		{3663C216-FA88-4136-B636-06A59A2860AC}.Release|x64.ActiveCfg = Release|x64
		{3663C216-FA88-4136-B636-06A59A2860AC}.Release|x64.Build.0 = Release|x64
		{3663C216-FA88-4136-B636-06A59A2860AC}.Release|x86.ActiveCfg = Release|Win32
		{3663C216-FA88-4136-B636-06A59A2860AC}.Release|x86.Build.0 = Release|Win32
	EndGlobalSection
	GlobalSection(SolutionProperties) = preSolution
		HideSolutionNode = FALSE
	EndGlobalSection
	GlobalSection(ExtensibilityGlobals) = postSolution
		SolutionGuid = {F4220D72-1C65-4F95-BE0A-D2A18F4F2F33}
	EndGlobalSection
EndGlobal
